# THIS IS AN AUTOGENERATED FILE. DO NOT EDIT THIS FILE DIRECTLY.
# yarn lockfile v1


rambda@^1.2.0:
  version "1.2.0"
  resolved "https://registry.yarnpkg.com/rambda/-/rambda-1.2.0.tgz#22f1cb028932a8b38eeeabdf8f20b96cfd091f1e"

typescript@^3.0.1:
  version "3.0.1"
  resolved "https://registry.yarnpkg.com/typescript/-/typescript-3.0.1.tgz#43738f29585d3a87575520a4b93ab6026ef11fdb"
